
Microsoft Visual Studio Solution File, Format Version 12.00
# Visual Studio Version 17
VisualStudioVersion = 17.6.33815.320
MinimumVisualStudioVersion = 10.0.40219.1
Project("{FAE04EC0-301F-11D3-BF4B-00C04F79EFBC}") = "Portfolio", "Portfolio\Portfolio.csproj", "{9CAF53E7-00B8-45F8-98F4-EB5934B3E1B3}"
EndProject
Global
	GlobalSection(SolutionConfigurationPlatforms) = preSolution
		Debug|Any CPU = Debug|Any CPU
		Release|Any CPU = Release|Any CPU
	EndGlobalSection
	GlobalSection(ProjectConfigurationPlatforms) = postSolution
		{9CAF53E7-00B8-45F8-98F4-EB5934B3E1B3}.Debug|Any CPU.ActiveCfg = Debug|Any CPU
		{9CAF53E7-00B8-45F8-98F4-EB5934B3E1B3}.Debug|Any CPU.Build.0 = Debug|Any CPU
		{9CAF53E7-00B8-45F8-98F4-EB5934B3E1B3}.Release|Any CPU.ActiveCfg = Release|Any CPU
		{9CAF53E7-00B8-45F8-98F4-EB5934B3E1B3}.Release|Any CPU.Build.0 = Release|Any CPU
	EndGlobalSection
	GlobalSection(SolutionProperties) = preSolution
		HideSolutionNode = FALSE
	EndGlobalSection
	GlobalSection(ExtensibilityGlobals) = postSolution
		SolutionGuid = {259FFD5D-19ED-4276-A17E-3550B2F7ABF9}
	EndGlobalSection
EndGlobal
